
Microsoft Visual Studio Solution File, Format Version 12.00
# Visual Studio Version 17
VisualStudioVersion = 17.13.35913.81
MinimumVisualStudioVersion = 10.0.40219.1
Project("{FAE04EC0-301F-11D3-BF4B-00C04F79EFBC}") = "AntiStoppingBackground", "AntiStoppingBackground.csproj", "{BADB37B2-1C3F-4568-AF6B-361ADDC1AFF0}"
EndProject
Project("{8BC9CEB8-8B4A-11D0-8D11-00A0C91BC942}") = "Anti_Stopping_BackGround", "driver\Anti_Stopping_BackGround\Anti_Stopping_BackGround.vcxproj", "{B838197B-D047-63DA-49D6-B7E1FD30B06B}"
EndProject
Project("{8BC9CEB8-8B4A-11D0-8D11-00A0C91BC942}") = "StateChangeDetector", "StateChangeDetector\StateChangeDetector.vcxproj", "{57220536-1D7D-4CCF-AD40-ACE300542DB9}"
EndProject
Global
	GlobalSection(SolutionConfigurationPlatforms) = preSolution
		Debug|Any CPU = Debug|Any CPU
		Debug|ARM64 = Debug|ARM64
		Debug|x64 = Debug|x64
		Release|Any CPU = Release|Any CPU
		Release|ARM64 = Release|ARM64
		Release|x64 = Release|x64
	EndGlobalSection
	GlobalSection(ProjectConfigurationPlatforms) = postSolution
		{BADB37B2-1C3F-4568-AF6B-361ADDC1AFF0}.Debug|Any CPU.ActiveCfg = Debug|Any CPU
		{BADB37B2-1C3F-4568-AF6B-361ADDC1AFF0}.Debug|Any CPU.Build.0 = Debug|Any CPU
		{BADB37B2-1C3F-4568-AF6B-361ADDC1AFF0}.Debug|ARM64.ActiveCfg = Debug|Any CPU
		{BADB37B2-1C3F-4568-AF6B-361ADDC1AFF0}.Debug|ARM64.Build.0 = Debug|Any CPU
		{BADB37B2-1C3F-4568-AF6B-361ADDC1AFF0}.Debug|x64.ActiveCfg = Debug|Any CPU
		{BADB37B2-1C3F-4568-AF6B-361ADDC1AFF0}.Debug|x64.Build.0 = Debug|Any CPU
		{BADB37B2-1C3F-4568-AF6B-361ADDC1AFF0}.Release|Any CPU.ActiveCfg = Release|Any CPU
		{BADB37B2-1C3F-4568-AF6B-361ADDC1AFF0}.Release|Any CPU.Build.0 = Release|Any CPU
		{BADB37B2-1C3F-4568-AF6B-361ADDC1AFF0}.Release|ARM64.ActiveCfg = Release|Any CPU
		{BADB37B2-1C3F-4568-AF6B-361ADDC1AFF0}.Release|ARM64.Build.0 = Release|Any CPU
		{BADB37B2-1C3F-4568-AF6B-361ADDC1AFF0}.Release|x64.ActiveCfg = Release|Any CPU
		{BADB37B2-1C3F-4568-AF6B-361ADDC1AFF0}.Release|x64.Build.0 = Release|Any CPU
		{B838197B-D047-63DA-49D6-B7E1FD30B06B}.Debug|Any CPU.ActiveCfg = Debug|x64
		{B838197B-D047-63DA-49D6-B7E1FD30B06B}.Debug|Any CPU.Build.0 = Debug|x64
		{B838197B-D047-63DA-49D6-B7E1FD30B06B}.Debug|Any CPU.Deploy.0 = Debug|x64
		{B838197B-D047-63DA-49D6-B7E1FD30B06B}.Debug|ARM64.ActiveCfg = Debug|ARM64
		{B838197B-D047-63DA-49D6-B7E1FD30B06B}.Debug|ARM64.Build.0 = Debug|ARM64
		{B838197B-D047-63DA-49D6-B7E1FD30B06B}.Debug|ARM64.Deploy.0 = Debug|ARM64
		{B838197B-D047-63DA-49D6-B7E1FD30B06B}.Debug|x64.ActiveCfg = Debug|x64
		{B838197B-D047-63DA-49D6-B7E1FD30B06B}.Debug|x64.Build.0 = Debug|x64
		{B838197B-D047-63DA-49D6-B7E1FD30B06B}.Debug|x64.Deploy.0 = Debug|x64
		{B838197B-D047-63DA-49D6-B7E1FD30B06B}.Release|Any CPU.ActiveCfg = Release|x64
		{B838197B-D047-63DA-49D6-B7E1FD30B06B}.Release|Any CPU.Build.0 = Release|x64
		{B838197B-D047-63DA-49D6-B7E1FD30B06B}.Release|Any CPU.Deploy.0 = Release|x64
		{B838197B-D047-63DA-49D6-B7E1FD30B06B}.Release|ARM64.ActiveCfg = Release|ARM64
		{B838197B-D047-63DA-49D6-B7E1FD30B06B}.Release|ARM64.Build.0 = Release|ARM64
		{B838197B-D047-63DA-49D6-B7E1FD30B06B}.Release|ARM64.Deploy.0 = Release|ARM64
		{B838197B-D047-63DA-49D6-B7E1FD30B06B}.Release|x64.ActiveCfg = Release|x64
		{B838197B-D047-63DA-49D6-B7E1FD30B06B}.Release|x64.Build.0 = Release|x64
		{B838197B-D047-63DA-49D6-B7E1FD30B06B}.Release|x64.Deploy.0 = Release|x64
		{57220536-1D7D-4CCF-AD40-ACE300542DB9}.Debug|Any CPU.ActiveCfg = Debug|x64
		{57220536-1D7D-4CCF-AD40-ACE300542DB9}.Debug|Any CPU.Build.0 = Debug|x64
		{57220536-1D7D-4CCF-AD40-ACE300542DB9}.Debug|ARM64.ActiveCfg = Debug|x64
		{57220536-1D7D-4CCF-AD40-ACE300542DB9}.Debug|ARM64.Build.0 = Debug|x64
		{57220536-1D7D-4CCF-AD40-ACE300542DB9}.Debug|x64.ActiveCfg = Debug|x64
		{57220536-1D7D-4CCF-AD40-ACE300542DB9}.Debug|x64.Build.0 = Debug|x64
		{57220536-1D7D-4CCF-AD40-ACE300542DB9}.Release|Any CPU.ActiveCfg = Release|x64
		{57220536-1D7D-4CCF-AD40-ACE300542DB9}.Release|Any CPU.Build.0 = Release|x64
		{57220536-1D7D-4CCF-AD40-ACE300542DB9}.Release|ARM64.ActiveCfg = Release|x64
		{57220536-1D7D-4CCF-AD40-ACE300542DB9}.Release|ARM64.Build.0 = Release|x64
		{57220536-1D7D-4CCF-AD40-ACE300542DB9}.Release|x64.ActiveCfg = Release|x64
		{57220536-1D7D-4CCF-AD40-ACE300542DB9}.Release|x64.Build.0 = Release|x64
	EndGlobalSection
	GlobalSection(SolutionProperties) = preSolution
		HideSolutionNode = FALSE
	EndGlobalSection
	GlobalSection(ExtensibilityGlobals) = postSolution
		SolutionGuid = {188BAEA8-0DFC-412B-BC05-329E780AAF93}
	EndGlobalSection
EndGlobal
